
Microsoft Visual Studio Solution File, Format Version 12.00
# Visual Studio Version 17
VisualStudioVersion = 17.0.31903.59
MinimumVisualStudioVersion = 10.0.40219.1
Project("{9A19103F-16F7-4668-BE54-9A1E7A4F7556}") = "CarAuctionMVC", "src\CarAuctionMVC\CarAuctionMVC.csproj", "{7C68E395-D963-48B8-9C9F-437206BAE163}"
EndProject
Global
	GlobalSection(SolutionConfigurationPlatforms) = preSolution
		Debug|Any CPU = Debug|Any CPU
		Release|Any CPU = Release|Any CPU
	EndGlobalSection
	GlobalSection(ProjectConfigurationPlatforms) = postSolution
		{7C68E395-D963-48B8-9C9F-437206BAE163}.Debug|Any CPU.ActiveCfg = Debug|Any CPU
		{7C68E395-D963-48B8-9C9F-437206BAE163}.Debug|Any CPU.Build.0 = Debug|Any CPU
		{7C68E395-D963-48B8-9C9F-437206BAE163}.Release|Any CPU.ActiveCfg = Release|Any CPU
		{7C68E395-D963-48B8-9C9F-437206BAE163}.Release|Any CPU.Build.0 = Release|Any CPU
	EndGlobalSection
	GlobalSection(SolutionProperties) = preSolution
		HideSolutionNode = FALSE
	EndGlobalSection
	GlobalSection(ExtensibilityGlobals) = postSolution
		SolutionGuid = {EC007C99-374A-46CE-B31C-E4BBB83F359F}
	EndGlobalSection
EndGlobal
